{
  "version": 4,
  "terraform_version": "1.12.0",
  "serial": 6,
  "lineage": "f1588bd9-7a55-9804-e24e-91f0c979bbb9",
  "outputs": {},
  "resources": [
    {
      "mode": "managed",
      "type": "oci_core_instance",
      "name": "vm-oci",
      "provider": "provider[\"registry.terraform.io/oracle/oci\"]",
      "instances": [
        {
          "schema_version": 0,
          "attributes": {
            "agent_config": [
              {
                "are_all_plugins_disabled": false,
                "is_management_disabled": false,
                "is_monitoring_disabled": false,
                "plugins_config": []
              }
            ],
            "async": null,
            "availability_config": [
              {
                "is_live_migration_preferred": false,
                "recovery_action": "RESTORE_INSTANCE"
              }
            ],
            "availability_domain": "cWdu:SA-SAOPAULO-1-AD-1",
            "boot_volume_id": "ocid1.bootvolume.oc1.sa-saopaulo-1.abtxeljr7f2ririvrngssdswbuwcgzbsxfdtpjohp3h6bqzlrgx2v35nsbvq",
            "capacity_reservation_id": null,
            "cluster_placement_group_id": null,
            "compartment_id": "ocid1.tenancy.oc1..aaaaaaaaobeqxob5en7zpyjq3red676cqvgr74alea4y7dhegtzgt36cicoa",
            "compute_cluster_id": null,
            "create_vnic_details": [
              {
                "assign_ipv6ip": false,
                "assign_private_dns_record": false,
                "assign_public_ip": "true",
                "defined_tags": {
                  "Oracle-Tags.CreatedBy": "default/pedro.carrijo@oracle.com",
                  "Oracle-Tags.CreatedOn": "2025-05-02T18:27:17.596Z"
                },
                "display_name": "vm-oci",
                "freeform_tags": {},
                "hostname_label": "",
                "ipv6address_ipv6subnet_cidr_pair_details": [],
                "nsg_ids": [],
                "private_ip": "10.0.1.110",
                "security_attributes": {},
                "skip_source_dest_check": false,
                "subnet_id": "ocid1.subnet.oc1.sa-saopaulo-1.aaaaaaaagfzx5hcxx55k3mxqmweyxcdroy5vcjg7gycxaxla6qgj4i23wx2q",
                "vlan_id": ""
              }
            ],
            "dedicated_vm_host_id": null,
            "defined_tags": {
              "Oracle-Tags.CreatedBy": "default/pedro.carrijo@oracle.com",
              "Oracle-Tags.CreatedOn": "2025-05-02T18:27:17.479Z"
            },
            "display_name": "vm-oci",
            "extended_metadata": {},
            "fault_domain": "FAULT-DOMAIN-2",
            "freeform_tags": {},
            "hostname_label": "",
            "id": "ocid1.instance.oc1.sa-saopaulo-1.antxeljrvkrxjgac4hjuofa575m72ao723322o52pfo4zxhyo54qn7xq3oyq",
            "image": "ocid1.image.oc1.sa-saopaulo-1.aaaaaaaa3meu4uqtlhrpxebhog45gcpmbjfuf3ewcgemxiqneacpqzrv7blq",
            "instance_configuration_id": null,
            "instance_options": [
              {
                "are_legacy_imds_endpoints_disabled": false
              }
            ],
            "ipxe_script": null,
            "is_cross_numa_node": false,
            "is_pv_encryption_in_transit_enabled": null,
            "launch_mode": "PARAVIRTUALIZED",
            "launch_options": [
              {
                "boot_volume_type": "PARAVIRTUALIZED",
                "firmware": "UEFI_64",
                "is_consistent_volume_naming_enabled": true,
                "is_pv_encryption_in_transit_enabled": false,
                "network_type": "PARAVIRTUALIZED",
                "remote_data_volume_type": "PARAVIRTUALIZED"
              }
            ],
            "launch_volume_attachments": [],
            "licensing_configs": [],
            "metadata": {
              "ssh_public_keys": "ssh-rsa AAAAB3NzaC1yc2EAAAADAQABAAABAQCp52K5cKn/+Dyw1mIS7zL+kFDP1aWfCWl7pr23Mwh7Vnem0l3P5zL9d4pgc7bRhLDMgFbLpA7fuRhlu6aaUFA/+yPpu6FkiuP04rl5QQ2SrIpiTO0F3VOKm4c+hNfsktttZhJ2fpQ0E4V6PV2X8+wVWGlR1I0vLRecWzkQwv6IJJ2bq2wlGYj0LFTo6k2t9kiAYAWSQLjl8zEWif2Fx2DqU6bz6wOnb6YsdhyFGqjJ3Q/U3l3wFN31BCrY3qPO71s+85CimvIc4pGEgH3A/4iJjC/Uh/CdSmbm4UI6XIrwMjCoamippVKXVUZPzreEYUcOW0Mgqi787pzA47mKiVl7 pedro_carr@ee27f208d60a\n"
            },
            "platform_config": [],
            "preemptible_instance_config": [],
            "preserve_boot_volume": false,
            "preserve_data_volumes_created_at_launch": null,
            "private_ip": "10.0.1.110",
            "public_ip": "136.248.68.87",
            "region": "sa-saopaulo-1",
            "security_attributes": {},
            "security_attributes_state": "STABLE",
            "shape": "VM.Standard.E3.Flex",
            "shape_config": [
              {
                "baseline_ocpu_utilization": "",
                "gpu_description": "",
                "gpus": 0,
                "local_disk_description": "",
                "local_disks": 0,
                "local_disks_total_size_in_gbs": 0,
                "max_vnic_attachments": 2,
                "memory_in_gbs": 2,
                "networking_bandwidth_in_gbps": 1,
                "nvmes": 0,
                "ocpus": 1,
                "processor_description": "2.25 GHz AMD EPYC™ 7742 (Rome)",
                "vcpus": 2
              }
            ],
            "source_details": [
              {
                "boot_volume_size_in_gbs": "47",
                "boot_volume_vpus_per_gb": "10",
                "instance_source_image_filter_details": [],
                "is_preserve_boot_volume_enabled": false,
                "kms_key_id": "",
                "source_id": "ocid1.image.oc1.sa-saopaulo-1.aaaaaaaa3meu4uqtlhrpxebhog45gcpmbjfuf3ewcgemxiqneacpqzrv7blq",
                "source_type": "image"
              }
            ],
            "state": "RUNNING",
            "subnet_id": "ocid1.subnet.oc1.sa-saopaulo-1.aaaaaaaagfzx5hcxx55k3mxqmweyxcdroy5vcjg7gycxaxla6qgj4i23wx2q",
            "system_tags": {},
            "time_created": "2025-05-02 18:27:17.922 +0000 UTC",
            "time_maintenance_reboot_due": "",
            "timeouts": null,
            "update_operation_constraint": null
          },
          "sensitive_attributes": [],
          "identity_schema_version": 0,
          "private": "eyJlMmJmYjczMC1lY2FhLTExZTYtOGY4OC0zNDM2M2JjN2M0YzAiOnsiY3JlYXRlIjoyNzAwMDAwMDAwMDAwLCJkZWxldGUiOjQ1MDAwMDAwMDAwMDAsInVwZGF0ZSI6MjcwMDAwMDAwMDAwMH19",
          "dependencies": [
            "oci_core_subnet.subnet-oci",
            "oci_core_vcn.vcn-oci"
          ]
        }
      ]
    },
    {
      "mode": "managed",
      "type": "oci_core_subnet",
      "name": "subnet-oci",
      "provider": "provider[\"registry.terraform.io/oracle/oci\"]",
      "instances": [
        {
          "schema_version": 0,
          "attributes": {
            "availability_domain": null,
            "cidr_block": "10.0.1.0/24",
            "compartment_id": "ocid1.tenancy.oc1..aaaaaaaaobeqxob5en7zpyjq3red676cqvgr74alea4y7dhegtzgt36cicoa",
            "defined_tags": {
              "Oracle-Tags.CreatedBy": "default/pedro.carrijo@oracle.com",
              "Oracle-Tags.CreatedOn": "2025-05-02T18:27:15.700Z"
            },
            "dhcp_options_id": "ocid1.dhcpoptions.oc1.sa-saopaulo-1.aaaaaaaaekdf2llcsdhbefmnlcd4faqi2auc57muc2y2goay7tvxmcab64aq",
            "display_name": "subnet-oci",
            "dns_label": null,
            "freeform_tags": {},
            "id": "ocid1.subnet.oc1.sa-saopaulo-1.aaaaaaaagfzx5hcxx55k3mxqmweyxcdroy5vcjg7gycxaxla6qgj4i23wx2q",
            "ipv6cidr_block": null,
            "ipv6cidr_blocks": [],
            "ipv6virtual_router_ip": null,
            "prohibit_internet_ingress": false,
            "prohibit_public_ip_on_vnic": false,
            "route_table_id": "ocid1.routetable.oc1.sa-saopaulo-1.aaaaaaaa2mnrov4bgkzli5zcq3j4ofe6ejph3ofqbemzn46miyhbaomgy67q",
            "security_list_ids": [
              "ocid1.securitylist.oc1.sa-saopaulo-1.aaaaaaaas5tjrdq3fp7z5zsswefwqtl4lwphfxte56ekv3homyuvo4mylosq"
            ],
            "state": "AVAILABLE",
            "subnet_domain_name": null,
            "time_created": "2025-05-02 18:27:15.746 +0000 UTC",
            "timeouts": null,
            "vcn_id": "ocid1.vcn.oc1.sa-saopaulo-1.amaaaaaavkrxjgaavmcmda53c5sbtg2wrjlw4gm5goahjwshqq47ghipkgoq",
            "virtual_router_ip": "10.0.1.1",
            "virtual_router_mac": "00:00:17:81:4E:20"
          },
          "sensitive_attributes": [],
          "identity_schema_version": 0,
          "private": "eyJlMmJmYjczMC1lY2FhLTExZTYtOGY4OC0zNDM2M2JjN2M0YzAiOnsiY3JlYXRlIjoxMjAwMDAwMDAwMDAwLCJkZWxldGUiOjEyMDAwMDAwMDAwMDAsInVwZGF0ZSI6MTIwMDAwMDAwMDAwMH19",
          "dependencies": [
            "oci_core_vcn.vcn-oci"
          ]
        }
      ]
    },
    {
      "mode": "managed",
      "type": "oci_core_vcn",
      "name": "vcn-oci",
      "provider": "provider[\"registry.terraform.io/oracle/oci\"]",
      "instances": [
        {
          "schema_version": 0,
          "attributes": {
            "byoipv6cidr_blocks": [],
            "byoipv6cidr_details": [],
            "cidr_block": "10.0.0.0/16",
            "cidr_blocks": [
              "10.0.0.0/16"
            ],
            "compartment_id": "ocid1.tenancy.oc1..aaaaaaaaobeqxob5en7zpyjq3red676cqvgr74alea4y7dhegtzgt36cicoa",
            "default_dhcp_options_id": "ocid1.dhcpoptions.oc1.sa-saopaulo-1.aaaaaaaaekdf2llcsdhbefmnlcd4faqi2auc57muc2y2goay7tvxmcab64aq",
            "default_route_table_id": "ocid1.routetable.oc1.sa-saopaulo-1.aaaaaaaa2mnrov4bgkzli5zcq3j4ofe6ejph3ofqbemzn46miyhbaomgy67q",
            "default_security_list_id": "ocid1.securitylist.oc1.sa-saopaulo-1.aaaaaaaas5tjrdq3fp7z5zsswefwqtl4lwphfxte56ekv3homyuvo4mylosq",
            "defined_tags": {
              "Oracle-Tags.CreatedBy": "default/pedro.carrijo@oracle.com",
              "Oracle-Tags.CreatedOn": "2025-05-02T18:27:14.754Z"
            },
            "display_name": "vcn-oci",
            "dns_label": null,
            "freeform_tags": {},
            "id": "ocid1.vcn.oc1.sa-saopaulo-1.amaaaaaavkrxjgaavmcmda53c5sbtg2wrjlw4gm5goahjwshqq47ghipkgoq",
            "ipv6cidr_blocks": [],
            "ipv6private_cidr_blocks": [],
            "is_ipv6enabled": false,
            "is_oracle_gua_allocation_enabled": null,
            "security_attributes": {},
            "state": "AVAILABLE",
            "time_created": "2025-05-02 18:27:14.824 +0000 UTC",
            "timeouts": null,
            "vcn_domain_name": null
          },
          "sensitive_attributes": [],
          "identity_schema_version": 0,
          "private": "eyJlMmJmYjczMC1lY2FhLTExZTYtOGY4OC0zNDM2M2JjN2M0YzAiOnsiY3JlYXRlIjoxMjAwMDAwMDAwMDAwLCJkZWxldGUiOjEyMDAwMDAwMDAwMDAsInVwZGF0ZSI6MTIwMDAwMDAwMDAwMH19"
        }
      ]
    }
  ],
  "check_results": null
}
